// !$*UTF8*$!
{
	archiveVersion = 1;
	classes = {
	};
	objectVersion = 55;
	objects = {

/* Begin PBXBuildFile section */
		8B80DEFF28E47AD9009CE108 /* NavigationBarView.swift in Sources */ = {isa = PBXBuildFile; fileRef = 8B80DEFE28E47AD9009CE108 /* NavigationBarView.swift */; };
		8B80DF0128E47E79009CE108 /* LogoView.swift in Sources */ = {isa = PBXBuildFile; fileRef = 8B80DF0028E47E79009CE108 /* LogoView.swift */; };
		8B8BFF4C28D84F880098B34B /* TouchdownApp.swift in Sources */ = {isa = PBXBuildFile; fileRef = 8B8BFF4B28D84F880098B34B /* TouchdownApp.swift */; };
		8B8BFF4E28D84F880098B34B /* ContentView.swift in Sources */ = {isa = PBXBuildFile; fileRef = 8B8BFF4D28D84F880098B34B /* ContentView.swift */; };
		8B8BFF5028D84F8A0098B34B /* Assets.xcassets in Resources */ = {isa = PBXBuildFile; fileRef = 8B8BFF4F28D84F8A0098B34B /* Assets.xcassets */; };
		8B8BFF5328D84F8A0098B34B /* Preview Assets.xcassets in Resources */ = {isa = PBXBuildFile; fileRef = 8B8BFF5228D84F8A0098B34B /* Preview Assets.xcassets */; };
		8B8BFF5D28D8503F0098B34B /* product.json in Resources */ = {isa = PBXBuildFile; fileRef = 8B8BFF5928D8503E0098B34B /* product.json */; };
		8B8BFF5E28D8503F0098B34B /* brand.json in Resources */ = {isa = PBXBuildFile; fileRef = 8B8BFF5A28D8503E0098B34B /* brand.json */; };
		8B8BFF5F28D8503F0098B34B /* category.json in Resources */ = {isa = PBXBuildFile; fileRef = 8B8BFF5B28D8503F0098B34B /* category.json */; };
		8B8BFF6028D8503F0098B34B /* player.json in Resources */ = {isa = PBXBuildFile; fileRef = 8B8BFF5C28D8503F0098B34B /* player.json */; };
		8B8BFF6B28D852E50098B34B /* Constant.swift in Sources */ = {isa = PBXBuildFile; fileRef = 8B8BFF6A28D852E50098B34B /* Constant.swift */; };
		8B8BFF6D28D854110098B34B /* FooterView.swift in Sources */ = {isa = PBXBuildFile; fileRef = 8B8BFF6C28D854110098B34B /* FooterView.swift */; };
/* End PBXBuildFile section */

/* Begin PBXFileReference section */
		8B80DEFE28E47AD9009CE108 /* NavigationBarView.swift */ = {isa = PBXFileReference; lastKnownFileType = sourcecode.swift; path = NavigationBarView.swift; sourceTree = "<group>"; };
		8B80DF0028E47E79009CE108 /* LogoView.swift */ = {isa = PBXFileReference; lastKnownFileType = sourcecode.swift; path = LogoView.swift; sourceTree = "<group>"; };
		8B8BFF4828D84F880098B34B /* Touchdown.app */ = {isa = PBXFileReference; explicitFileType = wrapper.application; includeInIndex = 0; path = Touchdown.app; sourceTree = BUILT_PRODUCTS_DIR; };
		8B8BFF4B28D84F880098B34B /* TouchdownApp.swift */ = {isa = PBXFileReference; lastKnownFileType = sourcecode.swift; path = TouchdownApp.swift; sourceTree = "<group>"; };
		8B8BFF4D28D84F880098B34B /* ContentView.swift */ = {isa = PBXFileReference; lastKnownFileType = sourcecode.swift; path = ContentView.swift; sourceTree = "<group>"; };
		8B8BFF4F28D84F8A0098B34B /* Assets.xcassets */ = {isa = PBXFileReference; lastKnownFileType = folder.assetcatalog; path = Assets.xcassets; sourceTree = "<group>"; };
		8B8BFF5228D84F8A0098B34B /* Preview Assets.xcassets */ = {isa = PBXFileReference; lastKnownFileType = folder.assetcatalog; path = "Preview Assets.xcassets"; sourceTree = "<group>"; };
		8B8BFF5928D8503E0098B34B /* product.json */ = {isa = PBXFileReference; fileEncoding = 4; lastKnownFileType = text.json; path = product.json; sourceTree = "<group>"; };
		8B8BFF5A28D8503E0098B34B /* brand.json */ = {isa = PBXFileReference; fileEncoding = 4; lastKnownFileType = text.json; path = brand.json; sourceTree = "<group>"; };
		8B8BFF5B28D8503F0098B34B /* category.json */ = {isa = PBXFileReference; fileEncoding = 4; lastKnownFileType = text.json; path = category.json; sourceTree = "<group>"; };
		8B8BFF5C28D8503F0098B34B /* player.json */ = {isa = PBXFileReference; fileEncoding = 4; lastKnownFileType = text.json; path = player.json; sourceTree = "<group>"; };
		8B8BFF6228D850B50098B34B /* Info.plist */ = {isa = PBXFileReference; lastKnownFileType = text.plist; path = Info.plist; sourceTree = "<group>"; };
		8B8BFF6A28D852E50098B34B /* Constant.swift */ = {isa = PBXFileReference; lastKnownFileType = sourcecode.swift; path = Constant.swift; sourceTree = "<group>"; };
		8B8BFF6C28D854110098B34B /* FooterView.swift */ = {isa = PBXFileReference; lastKnownFileType = sourcecode.swift; path = FooterView.swift; sourceTree = "<group>"; };
/* End PBXFileReference section */

/* Begin PBXFrameworksBuildPhase section */
		8B8BFF4528D84F880098B34B /* Frameworks */ = {
			isa = PBXFrameworksBuildPhase;
			buildActionMask = 2147483647;
			files = (
			);
			runOnlyForDeploymentPostprocessing = 0;
		};
/* End PBXFrameworksBuildPhase section */

/* Begin PBXGroup section */
		8B8BFF3F28D84F880098B34B = {
			isa = PBXGroup;
			children = (
				8B8BFF4A28D84F880098B34B /* Touchdown */,
				8B8BFF4928D84F880098B34B /* Products */,
			);
			sourceTree = "<group>";
		};
		8B8BFF4928D84F880098B34B /* Products */ = {
			isa = PBXGroup;
			children = (
				8B8BFF4828D84F880098B34B /* Touchdown.app */,
			);
			name = Products;
			sourceTree = "<group>";
		};
		8B8BFF4A28D84F880098B34B /* Touchdown */ = {
			isa = PBXGroup;
			children = (
				8B8BFF6328D851D00098B34B /* App */,
				8B8BFF6428D852130098B34B /* View */,
				8B8BFF6128D850520098B34B /* Data */,
				8B8BFF6728D8526E0098B34B /* Model */,
				8B8BFF6828D852760098B34B /* Extension */,
				8B8BFF6928D852800098B34B /* Utility */,
				8B8BFF6228D850B50098B34B /* Info.plist */,
				8B8BFF4F28D84F8A0098B34B /* Assets.xcassets */,
				8B8BFF5128D84F8A0098B34B /* Preview Content */,
			);
			path = Touchdown;
			sourceTree = "<group>";
		};
		8B8BFF5128D84F8A0098B34B /* Preview Content */ = {
			isa = PBXGroup;
			children = (
				8B8BFF5228D84F8A0098B34B /* Preview Assets.xcassets */,
			);
			path = "Preview Content";
			sourceTree = "<group>";
		};
		8B8BFF6128D850520098B34B /* Data */ = {
			isa = PBXGroup;
			children = (
				8B8BFF5A28D8503E0098B34B /* brand.json */,
				8B8BFF5B28D8503F0098B34B /* category.json */,
				8B8BFF5C28D8503F0098B34B /* player.json */,
				8B8BFF5928D8503E0098B34B /* product.json */,
			);
			path = Data;
			sourceTree = "<group>";
		};
		8B8BFF6328D851D00098B34B /* App */ = {
			isa = PBXGroup;
			children = (
				8B8BFF4D28D84F880098B34B /* ContentView.swift */,
				8B8BFF4B28D84F880098B34B /* TouchdownApp.swift */,
			);
			path = App;
			sourceTree = "<group>";
		};
		8B8BFF6428D852130098B34B /* View */ = {
			isa = PBXGroup;
			children = (
				8B8BFF6628D852260098B34B /* Detail */,
				8B8BFF6528D8521B0098B34B /* Home */,
			);
			path = View;
			sourceTree = "<group>";
		};
		8B8BFF6528D8521B0098B34B /* Home */ = {
			isa = PBXGroup;
			children = (
				8B8BFF6C28D854110098B34B /* FooterView.swift */,
				8B80DF0028E47E79009CE108 /* LogoView.swift */,
				8B80DEFE28E47AD9009CE108 /* NavigationBarView.swift */,
			);
			path = Home;
			sourceTree = "<group>";
		};
		8B8BFF6628D852260098B34B /* Detail */ = {
			isa = PBXGroup;
			children = (
			);
			path = Detail;
			sourceTree = "<group>";
		};
		8B8BFF6728D8526E0098B34B /* Model */ = {
			isa = PBXGroup;
			children = (
			);
			path = Model;
			sourceTree = "<group>";
		};
		8B8BFF6828D852760098B34B /* Extension */ = {
			isa = PBXGroup;
			children = (
			);
			path = Extension;
			sourceTree = "<group>";
		};
		8B8BFF6928D852800098B34B /* Utility */ = {
			isa = PBXGroup;
			children = (
				8B8BFF6A28D852E50098B34B /* Constant.swift */,
			);
			path = Utility;
			sourceTree = "<group>";
		};
/* End PBXGroup section */

/* Begin PBXNativeTarget section */
		8B8BFF4728D84F880098B34B /* Touchdown */ = {
			isa = PBXNativeTarget;
			buildConfigurationList = 8B8BFF5628D84F8A0098B34B /* Build configuration list for PBXNativeTarget "Touchdown" */;
			buildPhases = (
				8B8BFF4428D84F880098B34B /* Sources */,
				8B8BFF4528D84F880098B34B /* Frameworks */,
				8B8BFF4628D84F880098B34B /* Resources */,
			);
			buildRules = (
			);
			dependencies = (
			);
			name = Touchdown;
			productName = touchdown;
			productReference = 8B8BFF4828D84F880098B34B /* Touchdown.app */;
			productType = "com.apple.product-type.application";
		};
/* End PBXNativeTarget section */

/* Begin PBXProject section */
		8B8BFF4028D84F880098B34B /* Project object */ = {
			isa = PBXProject;
			attributes = {
				BuildIndependentTargetsInParallel = 1;
				LastSwiftUpdateCheck = 1340;
				LastUpgradeCheck = 1340;
				TargetAttributes = {
					8B8BFF4728D84F880098B34B = {
						CreatedOnToolsVersion = 13.4.1;
					};
				};
			};
			buildConfigurationList = 8B8BFF4328D84F880098B34B /* Build configuration list for PBXProject "Touchdown" */;
			compatibilityVersion = "Xcode 13.0";
			developmentRegion = en;
			hasScannedForEncodings = 0;
			knownRegions = (
				en,
				Base,
			);
			mainGroup = 8B8BFF3F28D84F880098B34B;
			productRefGroup = 8B8BFF4928D84F880098B34B /* Products */;
			projectDirPath = "";
			projectRoot = "";
			targets = (
				8B8BFF4728D84F880098B34B /* Touchdown */,
			);
		};
/* End PBXProject section */

/* Begin PBXResourcesBuildPhase section */
		8B8BFF4628D84F880098B34B /* Resources */ = {
			isa = PBXResourcesBuildPhase;
			buildActionMask = 2147483647;
			files = (
				8B8BFF6028D8503F0098B34B /* player.json in Resources */,
				8B8BFF5328D84F8A0098B34B /* Preview Assets.xcassets in Resources */,
				8B8BFF5E28D8503F0098B34B /* brand.json in Resources */,
				8B8BFF5F28D8503F0098B34B /* category.json in Resources */,
				8B8BFF5028D84F8A0098B34B /* Assets.xcassets in Resources */,
				8B8BFF5D28D8503F0098B34B /* product.json in Resources */,
			);
			runOnlyForDeploymentPostprocessing = 0;
		};
/* End PBXResourcesBuildPhase section */

/* Begin PBXSourcesBuildPhase section */
		8B8BFF4428D84F880098B34B /* Sources */ = {
			isa = PBXSourcesBuildPhase;
			buildActionMask = 2147483647;
			files = (
				8B8BFF4E28D84F880098B34B /* ContentView.swift in Sources */,
				8B80DF0128E47E79009CE108 /* LogoView.swift in Sources */,
				8B8BFF6D28D854110098B34B /* FooterView.swift in Sources */,
				8B8BFF4C28D84F880098B34B /* TouchdownApp.swift in Sources */,
				8B8BFF6B28D852E50098B34B /* Constant.swift in Sources */,
				8B80DEFF28E47AD9009CE108 /* NavigationBarView.swift in Sources */,
			);
			runOnlyForDeploymentPostprocessing = 0;
		};
/* End PBXSourcesBuildPhase section */

/* Begin XCBuildConfiguration section */
		8B8BFF5428D84F8A0098B34B /* Debug */ = {
			isa = XCBuildConfiguration;
			buildSettings = {
				ALWAYS_SEARCH_USER_PATHS = NO;
				CLANG_ANALYZER_NONNULL = YES;
				CLANG_ANALYZER_NUMBER_OBJECT_CONVERSION = YES_AGGRESSIVE;
				CLANG_CXX_LANGUAGE_STANDARD = "gnu++17";
				CLANG_ENABLE_MODULES = YES;
				CLANG_ENABLE_OBJC_ARC = YES;
				CLANG_ENABLE_OBJC_WEAK = YES;
				CLANG_WARN_BLOCK_CAPTURE_AUTORELEASING = YES;
				CLANG_WARN_BOOL_CONVERSION = YES;
				CLANG_WARN_COMMA = YES;
				CLANG_WARN_CONSTANT_CONVERSION = YES;
				CLANG_WARN_DEPRECATED_OBJC_IMPLEMENTATIONS = YES;
				CLANG_WARN_DIRECT_OBJC_ISA_USAGE = YES_ERROR;
				CLANG_WARN_DOCUMENTATION_COMMENTS = YES;
				CLANG_WARN_EMPTY_BODY = YES;
				CLANG_WARN_ENUM_CONVERSION = YES;
				CLANG_WARN_INFINITE_RECURSION = YES;
				CLANG_WARN_INT_CONVERSION = YES;
				CLANG_WARN_NON_LITERAL_NULL_CONVERSION = YES;
				CLANG_WARN_OBJC_IMPLICIT_RETAIN_SELF = YES;
				CLANG_WARN_OBJC_LITERAL_CONVERSION = YES;
				CLANG_WARN_OBJC_ROOT_CLASS = YES_ERROR;
				CLANG_WARN_QUOTED_INCLUDE_IN_FRAMEWORK_HEADER = YES;
				CLANG_WARN_RANGE_LOOP_ANALYSIS = YES;
				CLANG_WARN_STRICT_PROTOTYPES = YES;
				CLANG_WARN_SUSPICIOUS_MOVE = YES;
				CLANG_WARN_UNGUARDED_AVAILABILITY = YES_AGGRESSIVE;
				CLANG_WARN_UNREACHABLE_CODE = YES;
				CLANG_WARN__DUPLICATE_METHOD_MATCH = YES;
				COPY_PHASE_STRIP = NO;
				DEBUG_INFORMATION_FORMAT = dwarf;
				ENABLE_STRICT_OBJC_MSGSEND = YES;
				ENABLE_TESTABILITY = YES;
				GCC_C_LANGUAGE_STANDARD = gnu11;
				GCC_DYNAMIC_NO_PIC = NO;
				GCC_NO_COMMON_BLOCKS = YES;
				GCC_OPTIMIZATION_LEVEL = 0;
				GCC_PREPROCESSOR_DEFINITIONS = (
					"DEBUG=1",
					"$(inherited)",
				);
				GCC_WARN_64_TO_32_BIT_CONVERSION = YES;
				GCC_WARN_ABOUT_RETURN_TYPE = YES_ERROR;
				GCC_WARN_UNDECLARED_SELECTOR = YES;
				GCC_WARN_UNINITIALIZED_AUTOS = YES_AGGRESSIVE;
				GCC_WARN_UNUSED_FUNCTION = YES;
				GCC_WARN_UNUSED_VARIABLE = YES;
				IPHONEOS_DEPLOYMENT_TARGET = 15.0;
				MTL_ENABLE_DEBUG_INFO = INCLUDE_SOURCE;
				MTL_FAST_MATH = YES;
				ONLY_ACTIVE_ARCH = YES;
				SDKROOT = iphoneos;
				SWIFT_ACTIVE_COMPILATION_CONDITIONS = DEBUG;
				SWIFT_OPTIMIZATION_LEVEL = "-Onone";
			};
			name = Debug;
		};
		8B8BFF5528D84F8A0098B34B /* Release */ = {
			isa = XCBuildConfiguration;
			buildSettings = {
				ALWAYS_SEARCH_USER_PATHS = NO;
				CLANG_ANALYZER_NONNULL = YES;
				CLANG_ANALYZER_NUMBER_OBJECT_CONVERSION = YES_AGGRESSIVE;
				CLANG_CXX_LANGUAGE_STANDARD = "gnu++17";
				CLANG_ENABLE_MODULES = YES;
				CLANG_ENABLE_OBJC_ARC = YES;
				CLANG_ENABLE_OBJC_WEAK = YES;
				CLANG_WARN_BLOCK_CAPTURE_AUTORELEASING = YES;
				CLANG_WARN_BOOL_CONVERSION = YES;
				CLANG_WARN_COMMA = YES;
				CLANG_WARN_CONSTANT_CONVERSION = YES;
				CLANG_WARN_DEPRECATED_OBJC_IMPLEMENTATIONS = YES;
				CLANG_WARN_DIRECT_OBJC_ISA_USAGE = YES_ERROR;
				CLANG_WARN_DOCUMENTATION_COMMENTS = YES;
				CLANG_WARN_EMPTY_BODY = YES;
				CLANG_WARN_ENUM_CONVERSION = YES;
				CLANG_WARN_INFINITE_RECURSION = YES;
				CLANG_WARN_INT_CONVERSION = YES;
				CLANG_WARN_NON_LITERAL_NULL_CONVERSION = YES;
				CLANG_WARN_OBJC_IMPLICIT_RETAIN_SELF = YES;
				CLANG_WARN_OBJC_LITERAL_CONVERSION = YES;
				CLANG_WARN_OBJC_ROOT_CLASS = YES_ERROR;
				CLANG_WARN_QUOTED_INCLUDE_IN_FRAMEWORK_HEADER = YES;
				CLANG_WARN_RANGE_LOOP_ANALYSIS = YES;
				CLANG_WARN_STRICT_PROTOTYPES = YES;
				CLANG_WARN_SUSPICIOUS_MOVE = YES;
				CLANG_WARN_UNGUARDED_AVAILABILITY = YES_AGGRESSIVE;
				CLANG_WARN_UNREACHABLE_CODE = YES;
				CLANG_WARN__DUPLICATE_METHOD_MATCH = YES;
				COPY_PHASE_STRIP = NO;
				DEBUG_INFORMATION_FORMAT = "dwarf-with-dsym";
				ENABLE_NS_ASSERTIONS = NO;
				ENABLE_STRICT_OBJC_MSGSEND = YES;
				GCC_C_LANGUAGE_STANDARD = gnu11;
				GCC_NO_COMMON_BLOCKS = YES;
				GCC_WARN_64_TO_32_BIT_CONVERSION = YES;
				GCC_WARN_ABOUT_RETURN_TYPE = YES_ERROR;
				GCC_WARN_UNDECLARED_SELECTOR = YES;
				GCC_WARN_UNINITIALIZED_AUTOS = YES_AGGRESSIVE;
				GCC_WARN_UNUSED_FUNCTION = YES;
				GCC_WARN_UNUSED_VARIABLE = YES;
				IPHONEOS_DEPLOYMENT_TARGET = 15.0;
				MTL_ENABLE_DEBUG_INFO = NO;
				MTL_FAST_MATH = YES;
				SDKROOT = iphoneos;
				SWIFT_COMPILATION_MODE = wholemodule;
				SWIFT_OPTIMIZATION_LEVEL = "-O";
				VALIDATE_PRODUCT = YES;
			};
			name = Release;
		};
		8B8BFF5728D84F8A0098B34B /* Debug */ = {
			isa = XCBuildConfiguration;
			buildSettings = {
				ASSETCATALOG_COMPILER_APPICON_NAME = AppIcon;
				ASSETCATALOG_COMPILER_GLOBAL_ACCENT_COLOR_NAME = AccentColor;
				CODE_SIGN_IDENTITY = "Apple Development";
				CODE_SIGN_STYLE = Automatic;
				CURRENT_PROJECT_VERSION = 1;
				DEVELOPMENT_ASSET_PATHS = "\"touchdown/Preview Content\"";
				DEVELOPMENT_TEAM = "";
				ENABLE_PREVIEWS = YES;
				GENERATE_INFOPLIST_FILE = YES;
				INFOPLIST_FILE = touchdown/Info.plist;
				INFOPLIST_KEY_CFBundleDisplayName = TouchDown;
				INFOPLIST_KEY_UIApplicationSceneManifest_Generation = YES;
				INFOPLIST_KEY_UIApplicationSupportsIndirectInputEvents = YES;
				INFOPLIST_KEY_UISupportedInterfaceOrientations = UIInterfaceOrientationPortrait;
				INFOPLIST_KEY_UISupportedInterfaceOrientations_iPad = "UIInterfaceOrientationPortrait UIInterfaceOrientationPortraitUpsideDown UIInterfaceOrientationLandscapeLeft UIInterfaceOrientationLandscapeRight";
				INFOPLIST_KEY_UISupportedInterfaceOrientations_iPhone = "UIInterfaceOrientationPortrait UIInterfaceOrientationLandscapeLeft UIInterfaceOrientationLandscapeRight";
				INFOPLIST_KEY_UIUserInterfaceStyle = Light;
				LD_RUNPATH_SEARCH_PATHS = (
					"$(inherited)",
					"@executable_path/Frameworks",
				);
				MARKETING_VERSION = 1.0;
				PRODUCT_BUNDLE_IDENTIFIER = studies.touchdown;
				PRODUCT_NAME = "$(TARGET_NAME)";
				PROVISIONING_PROFILE_SPECIFIER = "";
				SWIFT_EMIT_LOC_STRINGS = YES;
				SWIFT_VERSION = 5.0;
				TARGETED_DEVICE_FAMILY = "1,2";
			};
			name = Debug;
		};
		8B8BFF5828D84F8A0098B34B /* Release */ = {
			isa = XCBuildConfiguration;
			buildSettings = {
				ASSETCATALOG_COMPILER_APPICON_NAME = AppIcon;
				ASSETCATALOG_COMPILER_GLOBAL_ACCENT_COLOR_NAME = AccentColor;
				CODE_SIGN_IDENTITY = "Apple Development";
				CODE_SIGN_STYLE = Automatic;
				CURRENT_PROJECT_VERSION = 1;
				DEVELOPMENT_ASSET_PATHS = "\"touchdown/Preview Content\"";
				DEVELOPMENT_TEAM = "";
				ENABLE_PREVIEWS = YES;
				GENERATE_INFOPLIST_FILE = YES;
				INFOPLIST_FILE = touchdown/Info.plist;
				INFOPLIST_KEY_CFBundleDisplayName = TouchDown;
				INFOPLIST_KEY_UIApplicationSceneManifest_Generation = YES;
				INFOPLIST_KEY_UIApplicationSupportsIndirectInputEvents = YES;
				INFOPLIST_KEY_UISupportedInterfaceOrientations = UIInterfaceOrientationPortrait;
				INFOPLIST_KEY_UISupportedInterfaceOrientations_iPad = "UIInterfaceOrientationPortrait UIInterfaceOrientationPortraitUpsideDown UIInterfaceOrientationLandscapeLeft UIInterfaceOrientationLandscapeRight";
				INFOPLIST_KEY_UISupportedInterfaceOrientations_iPhone = "UIInterfaceOrientationPortrait UIInterfaceOrientationLandscapeLeft UIInterfaceOrientationLandscapeRight";
				INFOPLIST_KEY_UIUserInterfaceStyle = Light;
				LD_RUNPATH_SEARCH_PATHS = (
					"$(inherited)",
					"@executable_path/Frameworks",
				);
				MARKETING_VERSION = 1.0;
				PRODUCT_BUNDLE_IDENTIFIER = studies.touchdown;
				PRODUCT_NAME = "$(TARGET_NAME)";
				PROVISIONING_PROFILE_SPECIFIER = "";
				SWIFT_EMIT_LOC_STRINGS = YES;
				SWIFT_VERSION = 5.0;
				TARGETED_DEVICE_FAMILY = "1,2";
			};
			name = Release;
		};
/* End XCBuildConfiguration section */

/* Begin XCConfigurationList section */
		8B8BFF4328D84F880098B34B /* Build configuration list for PBXProject "Touchdown" */ = {
			isa = XCConfigurationList;
			buildConfigurations = (
				8B8BFF5428D84F8A0098B34B /* Debug */,
				8B8BFF5528D84F8A0098B34B /* Release */,
			);
			defaultConfigurationIsVisible = 0;
			defaultConfigurationName = Release;
		};
		8B8BFF5628D84F8A0098B34B /* Build configuration list for PBXNativeTarget "Touchdown" */ = {
			isa = XCConfigurationList;
			buildConfigurations = (
				8B8BFF5728D84F8A0098B34B /* Debug */,
				8B8BFF5828D84F8A0098B34B /* Release */,
			);
			defaultConfigurationIsVisible = 0;
			defaultConfigurationName = Release;
		};
/* End XCConfigurationList section */
	};
	rootObject = 8B8BFF4028D84F880098B34B /* Project object */;
}
